
Microsoft Visual Studio Solution File, Format Version 12.00
# Visual Studio Version 17
VisualStudioVersion = 17.0.31903.59
MinimumVisualStudioVersion = 10.0.40219.1
Project("{2150E333-8FDC-42A3-9474-1A3956D46DE8}") = "tools", "tools", "{07C2787E-EAC7-C090-1BA3-A61EC2A24D84}"
EndProject
Project("{2150E333-8FDC-42A3-9474-1A3956D46DE8}") = "metamodel-gen", "metamodel-gen", "{BF05E6E3-C2A3-27FA-F2E5-DF2EA93D919B}"
EndProject
Project("{FAE04EC0-301F-11D3-BF4B-00C04F79EFBC}") = "Hypha.MetamodelGen", "tools\metamodel-gen\Hypha.MetamodelGen\Hypha.MetamodelGen.csproj", "{BE2A1283-2867-4CC9-9127-DC60F410FD56}"
EndProject
Project("{FAE04EC0-301F-11D3-BF4B-00C04F79EFBC}") = "Hypha.MetamodelGen.Tests", "tools\metamodel-gen\Hypha.MetamodelGen.Tests\Hypha.MetamodelGen.Tests.csproj", "{0F7DF86C-C575-4F89-942C-71A2023CC695}"
EndProject
Project("{2150E333-8FDC-42A3-9474-1A3956D46DE8}") = "knowledge-gen", "knowledge-gen", "{42982C7C-60D0-0B2F-7823-8595374DB88D}"
EndProject
Project("{FAE04EC0-301F-11D3-BF4B-00C04F79EFBC}") = "Hypha.Knowledge", "tools\knowledge-gen\Hypha.Knowledge\Hypha.Knowledge.csproj", "{61ADCE6E-7092-4D3D-9738-B1971FD12B70}"
EndProject
Project("{FAE04EC0-301F-11D3-BF4B-00C04F79EFBC}") = "Hypha.Knowledge.Tests", "tools\knowledge-gen\Hypha.Knowledge.Tests\Hypha.Knowledge.Tests.csproj", "{ADBAA03C-2AD8-4E9D-B159-2382EDE1F17C}"
EndProject
Project("{2150E333-8FDC-42A3-9474-1A3956D46DE8}") = "hypha-cli", "hypha-cli", "{E64C8EA6-ADAC-072E-35A1-04DF6FE4BC64}"
EndProject
Project("{FAE04EC0-301F-11D3-BF4B-00C04F79EFBC}") = "Hypha.Tools", "tools\hypha-cli\Hypha.Tools\Hypha.Tools.csproj", "{F23C20B4-3719-4E46-99C3-FECB480F02C6}"
EndProject
Project("{FAE04EC0-301F-11D3-BF4B-00C04F79EFBC}") = "Hypha.Tools.Tests", "tools\hypha-cli\Hypha.Tools.Tests\Hypha.Tools.Tests.csproj", "{F25177B6-312E-4E86-9DBD-25FD462E5830}"
EndProject
Project("{FAE04EC0-301F-11D3-BF4B-00C04F79EFBC}") = "Hypha.Tools.Hook", "tools\hypha-cli\Hypha.Tools.Hook\Hypha.Tools.Hook.csproj", "{8A3AB8E7-AA7F-49D9-A498-294EBC7F3533}"
EndProject
Project("{FAE04EC0-301F-11D3-BF4B-00C04F79EFBC}") = "Hypha.Tools.Hook.Tests", "tools\hypha-cli\Hypha.Tools.Hook.Tests\Hypha.Tools.Hook.Tests.csproj", "{A35FED3C-D3AF-4866-B062-FA1818DD79C8}"
EndProject
Global
	GlobalSection(SolutionConfigurationPlatforms) = preSolution
		Debug|Any CPU = Debug|Any CPU
		Debug|x64 = Debug|x64
		Debug|x86 = Debug|x86
		Release|Any CPU = Release|Any CPU
		Release|x64 = Release|x64
		Release|x86 = Release|x86
	EndGlobalSection
	GlobalSection(ProjectConfigurationPlatforms) = postSolution
		{BE2A1283-2867-4CC9-9127-DC60F410FD56}.Debug|Any CPU.ActiveCfg = Debug|Any CPU
		{BE2A1283-2867-4CC9-9127-DC60F410FD56}.Debug|Any CPU.Build.0 = Debug|Any CPU
		{BE2A1283-2867-4CC9-9127-DC60F410FD56}.Debug|x64.ActiveCfg = Debug|Any CPU
		{BE2A1283-2867-4CC9-9127-DC60F410FD56}.Debug|x64.Build.0 = Debug|Any CPU
		{BE2A1283-2867-4CC9-9127-DC60F410FD56}.Debug|x86.ActiveCfg = Debug|Any CPU
		{BE2A1283-2867-4CC9-9127-DC60F410FD56}.Debug|x86.Build.0 = Debug|Any CPU
		{BE2A1283-2867-4CC9-9127-DC60F410FD56}.Release|Any CPU.ActiveCfg = Release|Any CPU
		{BE2A1283-2867-4CC9-9127-DC60F410FD56}.Release|Any CPU.Build.0 = Release|Any CPU
		{BE2A1283-2867-4CC9-9127-DC60F410FD56}.Release|x64.ActiveCfg = Release|Any CPU
		{BE2A1283-2867-4CC9-9127-DC60F410FD56}.Release|x64.Build.0 = Release|Any CPU
		{BE2A1283-2867-4CC9-9127-DC60F410FD56}.Release|x86.ActiveCfg = Release|Any CPU
		{BE2A1283-2867-4CC9-9127-DC60F410FD56}.Release|x86.Build.0 = Release|Any CPU
		{0F7DF86C-C575-4F89-942C-71A2023CC695}.Debug|Any CPU.ActiveCfg = Debug|Any CPU
		{0F7DF86C-C575-4F89-942C-71A2023CC695}.Debug|Any CPU.Build.0 = Debug|Any CPU
		{0F7DF86C-C575-4F89-942C-71A2023CC695}.Debug|x64.ActiveCfg = Debug|Any CPU
		{0F7DF86C-C575-4F89-942C-71A2023CC695}.Debug|x64.Build.0 = Debug|Any CPU
		{0F7DF86C-C575-4F89-942C-71A2023CC695}.Debug|x86.ActiveCfg = Debug|Any CPU
		{0F7DF86C-C575-4F89-942C-71A2023CC695}.Debug|x86.Build.0 = Debug|Any CPU
		{0F7DF86C-C575-4F89-942C-71A2023CC695}.Release|Any CPU.ActiveCfg = Release|Any CPU
		{0F7DF86C-C575-4F89-942C-71A2023CC695}.Release|Any CPU.Build.0 = Release|Any CPU
		{0F7DF86C-C575-4F89-942C-71A2023CC695}.Release|x64.ActiveCfg = Release|Any CPU
		{0F7DF86C-C575-4F89-942C-71A2023CC695}.Release|x64.Build.0 = Release|Any CPU
		{0F7DF86C-C575-4F89-942C-71A2023CC695}.Release|x86.ActiveCfg = Release|Any CPU
		{0F7DF86C-C575-4F89-942C-71A2023CC695}.Release|x86.Build.0 = Release|Any CPU
		{61ADCE6E-7092-4D3D-9738-B1971FD12B70}.Debug|Any CPU.ActiveCfg = Debug|Any CPU
		{61ADCE6E-7092-4D3D-9738-B1971FD12B70}.Debug|Any CPU.Build.0 = Debug|Any CPU
		{61ADCE6E-7092-4D3D-9738-B1971FD12B70}.Debug|x64.ActiveCfg = Debug|Any CPU
		{61ADCE6E-7092-4D3D-9738-B1971FD12B70}.Debug|x64.Build.0 = Debug|Any CPU
		{61ADCE6E-7092-4D3D-9738-B1971FD12B70}.Debug|x86.ActiveCfg = Debug|Any CPU
		{61ADCE6E-7092-4D3D-9738-B1971FD12B70}.Debug|x86.Build.0 = Debug|Any CPU
		{61ADCE6E-7092-4D3D-9738-B1971FD12B70}.Release|Any CPU.ActiveCfg = Release|Any CPU
		{61ADCE6E-7092-4D3D-9738-B1971FD12B70}.Release|Any CPU.Build.0 = Release|Any CPU
		{61ADCE6E-7092-4D3D-9738-B1971FD12B70}.Release|x64.ActiveCfg = Release|Any CPU
		{61ADCE6E-7092-4D3D-9738-B1971FD12B70}.Release|x64.Build.0 = Release|Any CPU
		{61ADCE6E-7092-4D3D-9738-B1971FD12B70}.Release|x86.ActiveCfg = Release|Any CPU
		{61ADCE6E-7092-4D3D-9738-B1971FD12B70}.Release|x86.Build.0 = Release|Any CPU
		{ADBAA03C-2AD8-4E9D-B159-2382EDE1F17C}.Debug|Any CPU.ActiveCfg = Debug|Any CPU
		{ADBAA03C-2AD8-4E9D-B159-2382EDE1F17C}.Debug|Any CPU.Build.0 = Debug|Any CPU
		{ADBAA03C-2AD8-4E9D-B159-2382EDE1F17C}.Debug|x64.ActiveCfg = Debug|Any CPU
		{ADBAA03C-2AD8-4E9D-B159-2382EDE1F17C}.Debug|x64.Build.0 = Debug|Any CPU
		{ADBAA03C-2AD8-4E9D-B159-2382EDE1F17C}.Debug|x86.ActiveCfg = Debug|Any CPU
		{ADBAA03C-2AD8-4E9D-B159-2382EDE1F17C}.Debug|x86.Build.0 = Debug|Any CPU
		{ADBAA03C-2AD8-4E9D-B159-2382EDE1F17C}.Release|Any CPU.ActiveCfg = Release|Any CPU
		{ADBAA03C-2AD8-4E9D-B159-2382EDE1F17C}.Release|Any CPU.Build.0 = Release|Any CPU
		{ADBAA03C-2AD8-4E9D-B159-2382EDE1F17C}.Release|x64.ActiveCfg = Release|Any CPU
		{ADBAA03C-2AD8-4E9D-B159-2382EDE1F17C}.Release|x64.Build.0 = Release|Any CPU
		{ADBAA03C-2AD8-4E9D-B159-2382EDE1F17C}.Release|x86.ActiveCfg = Release|Any CPU
		{ADBAA03C-2AD8-4E9D-B159-2382EDE1F17C}.Release|x86.Build.0 = Release|Any CPU
		{F23C20B4-3719-4E46-99C3-FECB480F02C6}.Debug|Any CPU.ActiveCfg = Debug|Any CPU
		{F23C20B4-3719-4E46-99C3-FECB480F02C6}.Debug|Any CPU.Build.0 = Debug|Any CPU
		{F23C20B4-3719-4E46-99C3-FECB480F02C6}.Debug|x64.ActiveCfg = Debug|Any CPU
		{F23C20B4-3719-4E46-99C3-FECB480F02C6}.Debug|x64.Build.0 = Debug|Any CPU
		{F23C20B4-3719-4E46-99C3-FECB480F02C6}.Debug|x86.ActiveCfg = Debug|Any CPU
		{F23C20B4-3719-4E46-99C3-FECB480F02C6}.Debug|x86.Build.0 = Debug|Any CPU
		{F23C20B4-3719-4E46-99C3-FECB480F02C6}.Release|Any CPU.ActiveCfg = Release|Any CPU
		{F23C20B4-3719-4E46-99C3-FECB480F02C6}.Release|Any CPU.Build.0 = Release|Any CPU
		{F23C20B4-3719-4E46-99C3-FECB480F02C6}.Release|x64.ActiveCfg = Release|Any CPU
		{F23C20B4-3719-4E46-99C3-FECB480F02C6}.Release|x64.Build.0 = Release|Any CPU
		{F23C20B4-3719-4E46-99C3-FECB480F02C6}.Release|x86.ActiveCfg = Release|Any CPU
		{F23C20B4-3719-4E46-99C3-FECB480F02C6}.Release|x86.Build.0 = Release|Any CPU
		{F25177B6-312E-4E86-9DBD-25FD462E5830}.Debug|Any CPU.ActiveCfg = Debug|Any CPU
		{F25177B6-312E-4E86-9DBD-25FD462E5830}.Debug|Any CPU.Build.0 = Debug|Any CPU
		{F25177B6-312E-4E86-9DBD-25FD462E5830}.Debug|x64.ActiveCfg = Debug|Any CPU
		{F25177B6-312E-4E86-9DBD-25FD462E5830}.Debug|x64.Build.0 = Debug|Any CPU
		{F25177B6-312E-4E86-9DBD-25FD462E5830}.Debug|x86.ActiveCfg = Debug|Any CPU
		{F25177B6-312E-4E86-9DBD-25FD462E5830}.Debug|x86.Build.0 = Debug|Any CPU
		{F25177B6-312E-4E86-9DBD-25FD462E5830}.Release|Any CPU.ActiveCfg = Release|Any CPU
		{F25177B6-312E-4E86-9DBD-25FD462E5830}.Release|Any CPU.Build.0 = Release|Any CPU
		{F25177B6-312E-4E86-9DBD-25FD462E5830}.Release|x64.ActiveCfg = Release|Any CPU
		{F25177B6-312E-4E86-9DBD-25FD462E5830}.Release|x64.Build.0 = Release|Any CPU
		{F25177B6-312E-4E86-9DBD-25FD462E5830}.Release|x86.ActiveCfg = Release|Any CPU
		{F25177B6-312E-4E86-9DBD-25FD462E5830}.Release|x86.Build.0 = Release|Any CPU
		{8A3AB8E7-AA7F-49D9-A498-294EBC7F3533}.Debug|Any CPU.ActiveCfg = Debug|Any CPU
		{8A3AB8E7-AA7F-49D9-A498-294EBC7F3533}.Debug|Any CPU.Build.0 = Debug|Any CPU
		{8A3AB8E7-AA7F-49D9-A498-294EBC7F3533}.Debug|x64.ActiveCfg = Debug|Any CPU
		{8A3AB8E7-AA7F-49D9-A498-294EBC7F3533}.Debug|x64.Build.0 = Debug|Any CPU
		{8A3AB8E7-AA7F-49D9-A498-294EBC7F3533}.Debug|x86.ActiveCfg = Debug|Any CPU
		{8A3AB8E7-AA7F-49D9-A498-294EBC7F3533}.Debug|x86.Build.0 = Debug|Any CPU
		{8A3AB8E7-AA7F-49D9-A498-294EBC7F3533}.Release|Any CPU.ActiveCfg = Release|Any CPU
		{8A3AB8E7-AA7F-49D9-A498-294EBC7F3533}.Release|Any CPU.Build.0 = Release|Any CPU
		{8A3AB8E7-AA7F-49D9-A498-294EBC7F3533}.Release|x64.ActiveCfg = Release|Any CPU
		{8A3AB8E7-AA7F-49D9-A498-294EBC7F3533}.Release|x64.Build.0 = Release|Any CPU
		{8A3AB8E7-AA7F-49D9-A498-294EBC7F3533}.Release|x86.ActiveCfg = Release|Any CPU
		{8A3AB8E7-AA7F-49D9-A498-294EBC7F3533}.Release|x86.Build.0 = Release|Any CPU
		{A35FED3C-D3AF-4866-B062-FA1818DD79C8}.Debug|Any CPU.ActiveCfg = Debug|Any CPU
		{A35FED3C-D3AF-4866-B062-FA1818DD79C8}.Debug|Any CPU.Build.0 = Debug|Any CPU
		{A35FED3C-D3AF-4866-B062-FA1818DD79C8}.Debug|x64.ActiveCfg = Debug|Any CPU
		{A35FED3C-D3AF-4866-B062-FA1818DD79C8}.Debug|x64.Build.0 = Debug|Any CPU
		{A35FED3C-D3AF-4866-B062-FA1818DD79C8}.Debug|x86.ActiveCfg = Debug|Any CPU
		{A35FED3C-D3AF-4866-B062-FA1818DD79C8}.Debug|x86.Build.0 = Debug|Any CPU
		{A35FED3C-D3AF-4866-B062-FA1818DD79C8}.Release|Any CPU.ActiveCfg = Release|Any CPU
		{A35FED3C-D3AF-4866-B062-FA1818DD79C8}.Release|Any CPU.Build.0 = Release|Any CPU
		{A35FED3C-D3AF-4866-B062-FA1818DD79C8}.Release|x64.ActiveCfg = Release|Any CPU
		{A35FED3C-D3AF-4866-B062-FA1818DD79C8}.Release|x64.Build.0 = Release|Any CPU
		{A35FED3C-D3AF-4866-B062-FA1818DD79C8}.Release|x86.ActiveCfg = Release|Any CPU
		{A35FED3C-D3AF-4866-B062-FA1818DD79C8}.Release|x86.Build.0 = Release|Any CPU
	EndGlobalSection
	GlobalSection(SolutionProperties) = preSolution
		HideSolutionNode = FALSE
	EndGlobalSection
	GlobalSection(NestedProjects) = preSolution
		{BF05E6E3-C2A3-27FA-F2E5-DF2EA93D919B} = {07C2787E-EAC7-C090-1BA3-A61EC2A24D84}
		{BE2A1283-2867-4CC9-9127-DC60F410FD56} = {BF05E6E3-C2A3-27FA-F2E5-DF2EA93D919B}
		{0F7DF86C-C575-4F89-942C-71A2023CC695} = {BF05E6E3-C2A3-27FA-F2E5-DF2EA93D919B}
		{42982C7C-60D0-0B2F-7823-8595374DB88D} = {07C2787E-EAC7-C090-1BA3-A61EC2A24D84}
		{61ADCE6E-7092-4D3D-9738-B1971FD12B70} = {42982C7C-60D0-0B2F-7823-8595374DB88D}
		{ADBAA03C-2AD8-4E9D-B159-2382EDE1F17C} = {42982C7C-60D0-0B2F-7823-8595374DB88D}
		{E64C8EA6-ADAC-072E-35A1-04DF6FE4BC64} = {07C2787E-EAC7-C090-1BA3-A61EC2A24D84}
		{F23C20B4-3719-4E46-99C3-FECB480F02C6} = {E64C8EA6-ADAC-072E-35A1-04DF6FE4BC64}
		{F25177B6-312E-4E86-9DBD-25FD462E5830} = {E64C8EA6-ADAC-072E-35A1-04DF6FE4BC64}
		{8A3AB8E7-AA7F-49D9-A498-294EBC7F3533} = {E64C8EA6-ADAC-072E-35A1-04DF6FE4BC64}
		{A35FED3C-D3AF-4866-B062-FA1818DD79C8} = {E64C8EA6-ADAC-072E-35A1-04DF6FE4BC64}
	EndGlobalSection
EndGlobal
